
Microsoft Visual Studio Solution File, Format Version 12.00
# Visual Studio Version 17
VisualStudioVersion = 17.3.32922.545
MinimumVisualStudioVersion = 10.0.40219.1
Project("{2150E333-8FDC-42A3-9474-1A3956D46DE8}") = "Services", "Services", "{59B329D6-C10E-4CC9-BFB8-D070BB955557}"
EndProject
Project("{2150E333-8FDC-42A3-9474-1A3956D46DE8}") = "Catalog", "Catalog", "{FF9E9894-2239-40BD-8B71-D56F929920CF}"
EndProject
Project("{9A19103F-16F7-4668-BE54-9A1E7A4F7556}") = "Catalog.DAL", "Services\Catalog\Catalog.DAL\Catalog.DAL.csproj", "{2CF84077-BFFF-4F56-9488-F705219AC3A2}"
EndProject
Project("{9A19103F-16F7-4668-BE54-9A1E7A4F7556}") = "Catalog.BLL", "Services\Catalog\Catalog.BLL\Catalog.BLL.csproj", "{52706FCB-9851-4E2F-9BAB-5589E821D3E0}"
EndProject
Project("{9A19103F-16F7-4668-BE54-9A1E7A4F7556}") = "Catalog.API", "Services\Catalog\Catalog.API\Catalog.API.csproj", "{A06A9D8F-93DF-4152-AEE6-BC03D45A4DB7}"
	ProjectSection(ProjectDependencies) = postProject
		{52706FCB-9851-4E2F-9BAB-5589E821D3E0} = {52706FCB-9851-4E2F-9BAB-5589E821D3E0}
	EndProjectSection
EndProject
Project("{E53339B2-1760-4266-BCC7-CA923CBCF16C}") = "docker-compose", "docker-compose.dcproj", "{B9F65E47-A1AA-4B97-9758-F399636767F6}"
EndProject
Project("{9A19103F-16F7-4668-BE54-9A1E7A4F7556}") = "Catalog.UnitTest", "Services\Catalog\Catalog.UnitTests\Catalog.UnitTest\Catalog.UnitTest.csproj", "{1FD412EA-61BA-445F-B458-6827F0DDE8FE}"
EndProject
Project("{2150E333-8FDC-42A3-9474-1A3956D46DE8}") = "Store", "Store", "{6763473E-828B-4CCF-AB8A-C788B9674B71}"
EndProject
Project("{9A19103F-16F7-4668-BE54-9A1E7A4F7556}") = "Store.Domain", "Services\Store\Store.Domain\Store.Domain.csproj", "{2449B59E-2D97-47EC-9E16-28EE0E083A66}"
EndProject
Project("{9A19103F-16F7-4668-BE54-9A1E7A4F7556}") = "Store.Application", "Services\Store\Store.Application\Store.Application.csproj", "{3C2BBE99-6F5A-4414-9B16-984E653F1F99}"
EndProject
Project("{9A19103F-16F7-4668-BE54-9A1E7A4F7556}") = "Store.Infrasructure", "Services\Store\Store.Infrasructure\Store.Infrasructure.csproj", "{53497B2C-E786-4AD3-8CDB-DABE70E71D42}"
EndProject
Project("{9A19103F-16F7-4668-BE54-9A1E7A4F7556}") = "Store.API", "Services\Store\Store.API\Store.API.csproj", "{DC85AE73-8660-4335-8895-5B11C788BE30}"
EndProject
Project("{2150E333-8FDC-42A3-9474-1A3956D46DE8}") = "Tests", "Tests", "{BD842B37-E73E-47FF-8557-5EB737E06F63}"
EndProject
Project("{9A19103F-16F7-4668-BE54-9A1E7A4F7556}") = "Store.Application.UnitTests", "Services\Store\Tests\Store.Application.UnitTests\Store.Application.UnitTests.csproj", "{87E0F3EC-9D29-43EB-A3E1-7E9287198300}"
EndProject
Project("{2150E333-8FDC-42A3-9474-1A3956D46DE8}") = "Ordering", "Ordering", "{C3E339E3-6567-4FA3-A17B-7507A3DA90D3}"
EndProject
Project("{9A19103F-16F7-4668-BE54-9A1E7A4F7556}") = "Ordering.Domain", "Services\Ordering\Ordering.Domain\Ordering.Domain.csproj", "{261BAE38-39B0-4CC5-BF0A-29892E8BA9C0}"
EndProject
Project("{9A19103F-16F7-4668-BE54-9A1E7A4F7556}") = "Ordering.Application", "Services\Ordering\Ordering.Application\Ordering.Application.csproj", "{5EBE58E5-E239-41E7-A41A-F20A47E8A11D}"
EndProject
Project("{9A19103F-16F7-4668-BE54-9A1E7A4F7556}") = "Ordering.Infrastructure", "Services\Ordering\Ordering.Infrastructure\Ordering.Infrastructure.csproj", "{DF2C2434-B986-424D-BD9B-E68209A386A3}"
EndProject
Project("{9A19103F-16F7-4668-BE54-9A1E7A4F7556}") = "Ordering.API", "Services\Ordering\Ordering.API\Ordering.API.csproj", "{72304314-0CA9-4304-8E1D-77B899D07BDC}"
EndProject
Project("{2150E333-8FDC-42A3-9474-1A3956D46DE8}") = "Tests", "Tests", "{93D4D637-E061-49FE-8463-057F0E1BB1B5}"
EndProject
Project("{FAE04EC0-301F-11D3-BF4B-00C04F79EFBC}") = "Ordering.UseCases.Tests", "Services\Ordering\Tests\Ordering.UseCases.Tests\Ordering.UseCases.Tests.csproj", "{2D117BC7-FDAA-4C44-A45F-D6B0BCA9084A}"
EndProject
Global
	GlobalSection(SolutionConfigurationPlatforms) = preSolution
		Debug|Any CPU = Debug|Any CPU
		Release|Any CPU = Release|Any CPU
	EndGlobalSection
	GlobalSection(ProjectConfigurationPlatforms) = postSolution
		{2CF84077-BFFF-4F56-9488-F705219AC3A2}.Debug|Any CPU.ActiveCfg = Debug|Any CPU
		{2CF84077-BFFF-4F56-9488-F705219AC3A2}.Debug|Any CPU.Build.0 = Debug|Any CPU
		{2CF84077-BFFF-4F56-9488-F705219AC3A2}.Release|Any CPU.ActiveCfg = Release|Any CPU
		{2CF84077-BFFF-4F56-9488-F705219AC3A2}.Release|Any CPU.Build.0 = Release|Any CPU
		{52706FCB-9851-4E2F-9BAB-5589E821D3E0}.Debug|Any CPU.ActiveCfg = Debug|Any CPU
		{52706FCB-9851-4E2F-9BAB-5589E821D3E0}.Debug|Any CPU.Build.0 = Debug|Any CPU
		{52706FCB-9851-4E2F-9BAB-5589E821D3E0}.Release|Any CPU.ActiveCfg = Release|Any CPU
		{52706FCB-9851-4E2F-9BAB-5589E821D3E0}.Release|Any CPU.Build.0 = Release|Any CPU
		{A06A9D8F-93DF-4152-AEE6-BC03D45A4DB7}.Debug|Any CPU.ActiveCfg = Debug|Any CPU
		{A06A9D8F-93DF-4152-AEE6-BC03D45A4DB7}.Debug|Any CPU.Build.0 = Debug|Any CPU
		{A06A9D8F-93DF-4152-AEE6-BC03D45A4DB7}.Release|Any CPU.ActiveCfg = Release|Any CPU
		{A06A9D8F-93DF-4152-AEE6-BC03D45A4DB7}.Release|Any CPU.Build.0 = Release|Any CPU
		{B9F65E47-A1AA-4B97-9758-F399636767F6}.Debug|Any CPU.ActiveCfg = Debug|Any CPU
		{B9F65E47-A1AA-4B97-9758-F399636767F6}.Debug|Any CPU.Build.0 = Debug|Any CPU
		{B9F65E47-A1AA-4B97-9758-F399636767F6}.Release|Any CPU.ActiveCfg = Release|Any CPU
		{B9F65E47-A1AA-4B97-9758-F399636767F6}.Release|Any CPU.Build.0 = Release|Any CPU
		{1FD412EA-61BA-445F-B458-6827F0DDE8FE}.Debug|Any CPU.ActiveCfg = Debug|Any CPU
		{1FD412EA-61BA-445F-B458-6827F0DDE8FE}.Debug|Any CPU.Build.0 = Debug|Any CPU
		{1FD412EA-61BA-445F-B458-6827F0DDE8FE}.Release|Any CPU.ActiveCfg = Release|Any CPU
		{1FD412EA-61BA-445F-B458-6827F0DDE8FE}.Release|Any CPU.Build.0 = Release|Any CPU
		{2449B59E-2D97-47EC-9E16-28EE0E083A66}.Debug|Any CPU.ActiveCfg = Debug|Any CPU
		{2449B59E-2D97-47EC-9E16-28EE0E083A66}.Debug|Any CPU.Build.0 = Debug|Any CPU
		{2449B59E-2D97-47EC-9E16-28EE0E083A66}.Release|Any CPU.ActiveCfg = Release|Any CPU
		{2449B59E-2D97-47EC-9E16-28EE0E083A66}.Release|Any CPU.Build.0 = Release|Any CPU
		{3C2BBE99-6F5A-4414-9B16-984E653F1F99}.Debug|Any CPU.ActiveCfg = Debug|Any CPU
		{3C2BBE99-6F5A-4414-9B16-984E653F1F99}.Debug|Any CPU.Build.0 = Debug|Any CPU
		{3C2BBE99-6F5A-4414-9B16-984E653F1F99}.Release|Any CPU.ActiveCfg = Release|Any CPU
		{3C2BBE99-6F5A-4414-9B16-984E653F1F99}.Release|Any CPU.Build.0 = Release|Any CPU
		{53497B2C-E786-4AD3-8CDB-DABE70E71D42}.Debug|Any CPU.ActiveCfg = Debug|Any CPU
		{53497B2C-E786-4AD3-8CDB-DABE70E71D42}.Debug|Any CPU.Build.0 = Debug|Any CPU
		{53497B2C-E786-4AD3-8CDB-DABE70E71D42}.Release|Any CPU.ActiveCfg = Release|Any CPU
		{53497B2C-E786-4AD3-8CDB-DABE70E71D42}.Release|Any CPU.Build.0 = Release|Any CPU
		{DC85AE73-8660-4335-8895-5B11C788BE30}.Debug|Any CPU.ActiveCfg = Debug|Any CPU
		{DC85AE73-8660-4335-8895-5B11C788BE30}.Debug|Any CPU.Build.0 = Debug|Any CPU
		{DC85AE73-8660-4335-8895-5B11C788BE30}.Release|Any CPU.ActiveCfg = Release|Any CPU
		{DC85AE73-8660-4335-8895-5B11C788BE30}.Release|Any CPU.Build.0 = Release|Any CPU
		{87E0F3EC-9D29-43EB-A3E1-7E9287198300}.Debug|Any CPU.ActiveCfg = Debug|Any CPU
		{87E0F3EC-9D29-43EB-A3E1-7E9287198300}.Debug|Any CPU.Build.0 = Debug|Any CPU
		{87E0F3EC-9D29-43EB-A3E1-7E9287198300}.Release|Any CPU.ActiveCfg = Release|Any CPU
		{87E0F3EC-9D29-43EB-A3E1-7E9287198300}.Release|Any CPU.Build.0 = Release|Any CPU
		{261BAE38-39B0-4CC5-BF0A-29892E8BA9C0}.Debug|Any CPU.ActiveCfg = Debug|Any CPU
		{261BAE38-39B0-4CC5-BF0A-29892E8BA9C0}.Debug|Any CPU.Build.0 = Debug|Any CPU
		{261BAE38-39B0-4CC5-BF0A-29892E8BA9C0}.Release|Any CPU.ActiveCfg = Release|Any CPU
		{261BAE38-39B0-4CC5-BF0A-29892E8BA9C0}.Release|Any CPU.Build.0 = Release|Any CPU
		{5EBE58E5-E239-41E7-A41A-F20A47E8A11D}.Debug|Any CPU.ActiveCfg = Debug|Any CPU
		{5EBE58E5-E239-41E7-A41A-F20A47E8A11D}.Debug|Any CPU.Build.0 = Debug|Any CPU
		{5EBE58E5-E239-41E7-A41A-F20A47E8A11D}.Release|Any CPU.ActiveCfg = Release|Any CPU
		{5EBE58E5-E239-41E7-A41A-F20A47E8A11D}.Release|Any CPU.Build.0 = Release|Any CPU
		{DF2C2434-B986-424D-BD9B-E68209A386A3}.Debug|Any CPU.ActiveCfg = Debug|Any CPU
		{DF2C2434-B986-424D-BD9B-E68209A386A3}.Debug|Any CPU.Build.0 = Debug|Any CPU
		{DF2C2434-B986-424D-BD9B-E68209A386A3}.Release|Any CPU.ActiveCfg = Release|Any CPU
		{DF2C2434-B986-424D-BD9B-E68209A386A3}.Release|Any CPU.Build.0 = Release|Any CPU
		{72304314-0CA9-4304-8E1D-77B899D07BDC}.Debug|Any CPU.ActiveCfg = Debug|Any CPU
		{72304314-0CA9-4304-8E1D-77B899D07BDC}.Debug|Any CPU.Build.0 = Debug|Any CPU
		{72304314-0CA9-4304-8E1D-77B899D07BDC}.Release|Any CPU.ActiveCfg = Release|Any CPU
		{72304314-0CA9-4304-8E1D-77B899D07BDC}.Release|Any CPU.Build.0 = Release|Any CPU
		{2D117BC7-FDAA-4C44-A45F-D6B0BCA9084A}.Debug|Any CPU.ActiveCfg = Debug|Any CPU
		{2D117BC7-FDAA-4C44-A45F-D6B0BCA9084A}.Debug|Any CPU.Build.0 = Debug|Any CPU
		{2D117BC7-FDAA-4C44-A45F-D6B0BCA9084A}.Release|Any CPU.ActiveCfg = Release|Any CPU
		{2D117BC7-FDAA-4C44-A45F-D6B0BCA9084A}.Release|Any CPU.Build.0 = Release|Any CPU
	EndGlobalSection
	GlobalSection(SolutionProperties) = preSolution
		HideSolutionNode = FALSE
	EndGlobalSection
	GlobalSection(NestedProjects) = preSolution
		{FF9E9894-2239-40BD-8B71-D56F929920CF} = {59B329D6-C10E-4CC9-BFB8-D070BB955557}
		{2CF84077-BFFF-4F56-9488-F705219AC3A2} = {FF9E9894-2239-40BD-8B71-D56F929920CF}
		{52706FCB-9851-4E2F-9BAB-5589E821D3E0} = {FF9E9894-2239-40BD-8B71-D56F929920CF}
		{A06A9D8F-93DF-4152-AEE6-BC03D45A4DB7} = {FF9E9894-2239-40BD-8B71-D56F929920CF}
		{1FD412EA-61BA-445F-B458-6827F0DDE8FE} = {FF9E9894-2239-40BD-8B71-D56F929920CF}
		{6763473E-828B-4CCF-AB8A-C788B9674B71} = {59B329D6-C10E-4CC9-BFB8-D070BB955557}
		{2449B59E-2D97-47EC-9E16-28EE0E083A66} = {6763473E-828B-4CCF-AB8A-C788B9674B71}
		{3C2BBE99-6F5A-4414-9B16-984E653F1F99} = {6763473E-828B-4CCF-AB8A-C788B9674B71}
		{53497B2C-E786-4AD3-8CDB-DABE70E71D42} = {6763473E-828B-4CCF-AB8A-C788B9674B71}
		{DC85AE73-8660-4335-8895-5B11C788BE30} = {6763473E-828B-4CCF-AB8A-C788B9674B71}
		{BD842B37-E73E-47FF-8557-5EB737E06F63} = {6763473E-828B-4CCF-AB8A-C788B9674B71}
		{87E0F3EC-9D29-43EB-A3E1-7E9287198300} = {BD842B37-E73E-47FF-8557-5EB737E06F63}
		{C3E339E3-6567-4FA3-A17B-7507A3DA90D3} = {59B329D6-C10E-4CC9-BFB8-D070BB955557}
		{261BAE38-39B0-4CC5-BF0A-29892E8BA9C0} = {C3E339E3-6567-4FA3-A17B-7507A3DA90D3}
		{5EBE58E5-E239-41E7-A41A-F20A47E8A11D} = {C3E339E3-6567-4FA3-A17B-7507A3DA90D3}
		{DF2C2434-B986-424D-BD9B-E68209A386A3} = {C3E339E3-6567-4FA3-A17B-7507A3DA90D3}
		{72304314-0CA9-4304-8E1D-77B899D07BDC} = {C3E339E3-6567-4FA3-A17B-7507A3DA90D3}
		{93D4D637-E061-49FE-8463-057F0E1BB1B5} = {C3E339E3-6567-4FA3-A17B-7507A3DA90D3}
		{2D117BC7-FDAA-4C44-A45F-D6B0BCA9084A} = {93D4D637-E061-49FE-8463-057F0E1BB1B5}
	EndGlobalSection
	GlobalSection(ExtensibilityGlobals) = postSolution
		SolutionGuid = {C669F362-4C35-47DD-9273-1E5A9A064624}
	EndGlobalSection
EndGlobal
